
Microsoft Visual Studio Solution File, Format Version 12.00
# Visual Studio Version 16
VisualStudioVersion = 16.0.29215.179
MinimumVisualStudioVersion = 10.0.40219.1
Project("{9A19103F-16F7-4668-BE54-9A1E7A4F7556}") = "AOP.Test", "AOP.Test\AOP.Test.csproj", "{6A488AFA-CCA9-4DEE-8E48-8978088AE3A4}"
EndProject
Project("{9A19103F-16F7-4668-BE54-9A1E7A4F7556}") = "AOP", "AOP\AOP.csproj", "{504905A4-08E1-407C-A9F7-0DA50643BE3B}"
EndProject
Global
	GlobalSection(SolutionConfigurationPlatforms) = preSolution
		Debug|Any CPU = Debug|Any CPU
		Release|Any CPU = Release|Any CPU
	EndGlobalSection
	GlobalSection(ProjectConfigurationPlatforms) = postSolution
		{6A488AFA-CCA9-4DEE-8E48-8978088AE3A4}.Debug|Any CPU.ActiveCfg = Debug|Any CPU
		{6A488AFA-CCA9-4DEE-8E48-8978088AE3A4}.Debug|Any CPU.Build.0 = Debug|Any CPU
		{6A488AFA-CCA9-4DEE-8E48-8978088AE3A4}.Release|Any CPU.ActiveCfg = Release|Any CPU
		{6A488AFA-CCA9-4DEE-8E48-8978088AE3A4}.Release|Any CPU.Build.0 = Release|Any CPU
		{504905A4-08E1-407C-A9F7-0DA50643BE3B}.Debug|Any CPU.ActiveCfg = Debug|Any CPU
		{504905A4-08E1-407C-A9F7-0DA50643BE3B}.Debug|Any CPU.Build.0 = Debug|Any CPU
		{504905A4-08E1-407C-A9F7-0DA50643BE3B}.Release|Any CPU.ActiveCfg = Release|Any CPU
		{504905A4-08E1-407C-A9F7-0DA50643BE3B}.Release|Any CPU.Build.0 = Release|Any CPU
	EndGlobalSection
	GlobalSection(SolutionProperties) = preSolution
		HideSolutionNode = FALSE
	EndGlobalSection
	GlobalSection(ExtensibilityGlobals) = postSolution
		SolutionGuid = {29D91BE2-0244-4553-A925-914728A39757}
	EndGlobalSection
EndGlobal
